
Microsoft Visual Studio Solution File, Format Version 12.00
# Visual Studio Version 16
VisualStudioVersion = 16.0.30804.86
MinimumVisualStudioVersion = 10.0.40219.1
Project("{2150E333-8FDC-42A3-9474-1A3956D46DE8}") = "Platforms", "Platforms", "{9D7D5B40-2CA6-4FB6-A2E4-1EEB58CFDE11}"
EndProject
Project("{FAE04EC0-301F-11D3-BF4B-00C04F79EFBC}") = "WasmTricks.Droid", "WasmTricks.Droid\WasmTricks.Droid.csproj", "{DE3227FA-3765-40AD-B139-2ACF01E74929}"
EndProject
Project("{FAE04EC0-301F-11D3-BF4B-00C04F79EFBC}") = "WasmTricks.iOS", "WasmTricks.iOS\WasmTricks.iOS.csproj", "{148D2AA4-0906-4708-9AC2-9B6AB8CC5526}"
EndProject
Project("{FAE04EC0-301F-11D3-BF4B-00C04F79EFBC}") = "WasmTricks.UWP", "WasmTricks.UWP\WasmTricks.UWP.csproj", "{808DCF90-96BD-4780-8331-502CD23101E4}"
EndProject
Project("{9A19103F-16F7-4668-BE54-9A1E7A4F7556}") = "WasmTricks.Wasm", "WasmTricks.Wasm\WasmTricks.Wasm.csproj", "{FC5D4772-F935-44FE-9ED7-FA2ED88F85D8}"
EndProject
Project("{FAE04EC0-301F-11D3-BF4B-00C04F79EFBC}") = "WasmTricks.macOS", "WasmTricks.macOS\WasmTricks.macOS.csproj", "{90460528-E24D-4F33-9A1D-83413E206F3F}"
EndProject
Project("{9A19103F-16F7-4668-BE54-9A1E7A4F7556}") = "WasmTricks.Skia.Wpf.Host", "WasmTricks.Skia.Wpf.Host\WasmTricks.Skia.Wpf.Host.csproj", "{409A7EB3-BE9A-4267-8623-DF9B8D419967}"
EndProject
Project("{9A19103F-16F7-4668-BE54-9A1E7A4F7556}") = "WasmTricks.Skia.Wpf", "WasmTricks.Skia.Wpf\WasmTricks.Skia.Wpf.csproj", "{E0F0585A-A913-4636-9EC0-9964E43575E5}"
EndProject
Project("{9A19103F-16F7-4668-BE54-9A1E7A4F7556}") = "WasmTricks.Skia.Gtk", "WasmTricks.Skia.Gtk\WasmTricks.Skia.Gtk.csproj", "{2F2B5862-3A70-4B64-ACC5-438D470F7DD3}"
EndProject
Project("{9A19103F-16F7-4668-BE54-9A1E7A4F7556}") = "WasmTricks.Skia.Tizen", "WasmTricks.Skia.Tizen\WasmTricks.Skia.Tizen.csproj", "{268A9A34-608B-4AE6-A73C-26AD8B0A0FC1}"
EndProject
Project("{D954291E-2A0B-460D-934E-DC6B0785DB48}") = "WasmTricks.Shared", "WasmTricks.Shared\WasmTricks.Shared.shproj", "{6279C845-92F8-4333-AB99-3D213163593C}"
EndProject
Project("{9A19103F-16F7-4668-BE54-9A1E7A4F7556}") = "WasmTricksLib", "..\WasmTricksLib\WasmTricksLib.csproj", "{4B86CE1A-5F35-4C7E-BE7E-2E80BFFB372E}"
EndProject
Global
	GlobalSection(SharedMSBuildProjectFiles) = preSolution
		WasmTricks.Shared\WasmTricks.Shared.projitems*{148d2aa4-0906-4708-9ac2-9b6ab8cc5526}*SharedItemsImports = 4
		WasmTricks.Shared\WasmTricks.Shared.projitems*{268a9a34-608b-4ae6-a73c-26ad8b0a0fc1}*SharedItemsImports = 5
		WasmTricks.Shared\WasmTricks.Shared.projitems*{2f2b5862-3a70-4b64-acc5-438d470f7dd3}*SharedItemsImports = 5
		WasmTricks.Shared\WasmTricks.Shared.projitems*{6279c845-92f8-4333-ab99-3d213163593c}*SharedItemsImports = 13
		WasmTricks.Shared\WasmTricks.Shared.projitems*{808dcf90-96bd-4780-8331-502cd23101e4}*SharedItemsImports = 4
		WasmTricks.Shared\WasmTricks.Shared.projitems*{90460528-e24d-4f33-9a1d-83413e206f3f}*SharedItemsImports = 4
		WasmTricks.Shared\WasmTricks.Shared.projitems*{de3227fa-3765-40ad-b139-2acf01e74929}*SharedItemsImports = 4
		WasmTricks.Shared\WasmTricks.Shared.projitems*{e0f0585a-a913-4636-9ec0-9964e43575e5}*SharedItemsImports = 5
		WasmTricks.Shared\WasmTricks.Shared.projitems*{fc5d4772-f935-44fe-9ed7-fa2ed88f85d8}*SharedItemsImports = 5
	EndGlobalSection
	GlobalSection(SolutionConfigurationPlatforms) = preSolution
		Ad-Hoc|Any CPU = Ad-Hoc|Any CPU
		Ad-Hoc|ARM = Ad-Hoc|ARM
		Ad-Hoc|ARM64 = Ad-Hoc|ARM64
		Ad-Hoc|iPhone = Ad-Hoc|iPhone
		Ad-Hoc|iPhoneSimulator = Ad-Hoc|iPhoneSimulator
		Ad-Hoc|x64 = Ad-Hoc|x64
		Ad-Hoc|x86 = Ad-Hoc|x86
		AppStore|Any CPU = AppStore|Any CPU
		AppStore|ARM = AppStore|ARM
		AppStore|ARM64 = AppStore|ARM64
		AppStore|iPhone = AppStore|iPhone
		AppStore|iPhoneSimulator = AppStore|iPhoneSimulator
		AppStore|x64 = AppStore|x64
		AppStore|x86 = AppStore|x86
		Debug|Any CPU = Debug|Any CPU
		Debug|ARM = Debug|ARM
		Debug|ARM64 = Debug|ARM64
		Debug|iPhone = Debug|iPhone
		Debug|iPhoneSimulator = Debug|iPhoneSimulator
		Debug|x64 = Debug|x64
		Debug|x86 = Debug|x86
		Release|Any CPU = Release|Any CPU
		Release|ARM = Release|ARM
		Release|ARM64 = Release|ARM64
		Release|iPhone = Release|iPhone
		Release|iPhoneSimulator = Release|iPhoneSimulator
		Release|x64 = Release|x64
		Release|x86 = Release|x86
	EndGlobalSection
	GlobalSection(ProjectConfigurationPlatforms) = postSolution
		{DE3227FA-3765-40AD-B139-2ACF01E74929}.Ad-Hoc|Any CPU.ActiveCfg = Debug|Any CPU
		{DE3227FA-3765-40AD-B139-2ACF01E74929}.Ad-Hoc|Any CPU.Build.0 = Debug|Any CPU
		{DE3227FA-3765-40AD-B139-2ACF01E74929}.Ad-Hoc|Any CPU.Deploy.0 = Debug|Any CPU
		{DE3227FA-3765-40AD-B139-2ACF01E74929}.Ad-Hoc|ARM.ActiveCfg = Debug|Any CPU
		{DE3227FA-3765-40AD-B139-2ACF01E74929}.Ad-Hoc|ARM.Build.0 = Debug|Any CPU
		{DE3227FA-3765-40AD-B139-2ACF01E74929}.Ad-Hoc|ARM.Deploy.0 = Debug|Any CPU
		{DE3227FA-3765-40AD-B139-2ACF01E74929}.Ad-Hoc|ARM64.ActiveCfg = Debug|Any CPU
		{DE3227FA-3765-40AD-B139-2ACF01E74929}.Ad-Hoc|ARM64.Build.0 = Debug|Any CPU
		{DE3227FA-3765-40AD-B139-2ACF01E74929}.Ad-Hoc|ARM64.Deploy.0 = Debug|Any CPU
		{DE3227FA-3765-40AD-B139-2ACF01E74929}.Ad-Hoc|iPhone.ActiveCfg = Debug|Any CPU
		{DE3227FA-3765-40AD-B139-2ACF01E74929}.Ad-Hoc|iPhone.Build.0 = Debug|Any CPU
		{DE3227FA-3765-40AD-B139-2ACF01E74929}.Ad-Hoc|iPhone.Deploy.0 = Debug|Any CPU
		{DE3227FA-3765-40AD-B139-2ACF01E74929}.Ad-Hoc|iPhoneSimulator.ActiveCfg = Debug|Any CPU
		{DE3227FA-3765-40AD-B139-2ACF01E74929}.Ad-Hoc|iPhoneSimulator.Build.0 = Debug|Any CPU
		{DE3227FA-3765-40AD-B139-2ACF01E74929}.Ad-Hoc|iPhoneSimulator.Deploy.0 = Debug|Any CPU
		{DE3227FA-3765-40AD-B139-2ACF01E74929}.Ad-Hoc|x64.ActiveCfg = Debug|Any CPU
		{DE3227FA-3765-40AD-B139-2ACF01E74929}.Ad-Hoc|x64.Build.0 = Debug|Any CPU
		{DE3227FA-3765-40AD-B139-2ACF01E74929}.Ad-Hoc|x64.Deploy.0 = Debug|Any CPU
		{DE3227FA-3765-40AD-B139-2ACF01E74929}.Ad-Hoc|x86.ActiveCfg = Debug|Any CPU
		{DE3227FA-3765-40AD-B139-2ACF01E74929}.Ad-Hoc|x86.Build.0 = Debug|Any CPU
		{DE3227FA-3765-40AD-B139-2ACF01E74929}.Ad-Hoc|x86.Deploy.0 = Debug|Any CPU
		{DE3227FA-3765-40AD-B139-2ACF01E74929}.AppStore|Any CPU.ActiveCfg = Debug|Any CPU
		{DE3227FA-3765-40AD-B139-2ACF01E74929}.AppStore|Any CPU.Build.0 = Debug|Any CPU
		{DE3227FA-3765-40AD-B139-2ACF01E74929}.AppStore|Any CPU.Deploy.0 = Debug|Any CPU
		{DE3227FA-3765-40AD-B139-2ACF01E74929}.AppStore|ARM.ActiveCfg = Debug|Any CPU
		{DE3227FA-3765-40AD-B139-2ACF01E74929}.AppStore|ARM.Build.0 = Debug|Any CPU
		{DE3227FA-3765-40AD-B139-2ACF01E74929}.AppStore|ARM.Deploy.0 = Debug|Any CPU
		{DE3227FA-3765-40AD-B139-2ACF01E74929}.AppStore|ARM64.ActiveCfg = Debug|Any CPU
		{DE3227FA-3765-40AD-B139-2ACF01E74929}.AppStore|ARM64.Build.0 = Debug|Any CPU
		{DE3227FA-3765-40AD-B139-2ACF01E74929}.AppStore|ARM64.Deploy.0 = Debug|Any CPU
		{DE3227FA-3765-40AD-B139-2ACF01E74929}.AppStore|iPhone.ActiveCfg = Debug|Any CPU
		{DE3227FA-3765-40AD-B139-2ACF01E74929}.AppStore|iPhone.Build.0 = Debug|Any CPU
		{DE3227FA-3765-40AD-B139-2ACF01E74929}.AppStore|iPhone.Deploy.0 = Debug|Any CPU
		{DE3227FA-3765-40AD-B139-2ACF01E74929}.AppStore|iPhoneSimulator.ActiveCfg = Debug|Any CPU
		{DE3227FA-3765-40AD-B139-2ACF01E74929}.AppStore|iPhoneSimulator.Build.0 = Debug|Any CPU
		{DE3227FA-3765-40AD-B139-2ACF01E74929}.AppStore|iPhoneSimulator.Deploy.0 = Debug|Any CPU
		{DE3227FA-3765-40AD-B139-2ACF01E74929}.AppStore|x64.ActiveCfg = Debug|Any CPU
		{DE3227FA-3765-40AD-B139-2ACF01E74929}.AppStore|x64.Build.0 = Debug|Any CPU
		{DE3227FA-3765-40AD-B139-2ACF01E74929}.AppStore|x64.Deploy.0 = Debug|Any CPU
		{DE3227FA-3765-40AD-B139-2ACF01E74929}.AppStore|x86.ActiveCfg = Debug|Any CPU
		{DE3227FA-3765-40AD-B139-2ACF01E74929}.AppStore|x86.Build.0 = Debug|Any CPU
		{DE3227FA-3765-40AD-B139-2ACF01E74929}.AppStore|x86.Deploy.0 = Debug|Any CPU
		{DE3227FA-3765-40AD-B139-2ACF01E74929}.Debug|Any CPU.ActiveCfg = Debug|Any CPU
		{DE3227FA-3765-40AD-B139-2ACF01E74929}.Debug|Any CPU.Build.0 = Debug|Any CPU
		{DE3227FA-3765-40AD-B139-2ACF01E74929}.Debug|Any CPU.Deploy.0 = Debug|Any CPU
		{DE3227FA-3765-40AD-B139-2ACF01E74929}.Debug|ARM.ActiveCfg = Debug|Any CPU
		{DE3227FA-3765-40AD-B139-2ACF01E74929}.Debug|ARM.Build.0 = Debug|Any CPU
		{DE3227FA-3765-40AD-B139-2ACF01E74929}.Debug|ARM.Deploy.0 = Debug|Any CPU
		{DE3227FA-3765-40AD-B139-2ACF01E74929}.Debug|ARM64.ActiveCfg = Debug|Any CPU
		{DE3227FA-3765-40AD-B139-2ACF01E74929}.Debug|ARM64.Build.0 = Debug|Any CPU
		{DE3227FA-3765-40AD-B139-2ACF01E74929}.Debug|ARM64.Deploy.0 = Debug|Any CPU
		{DE3227FA-3765-40AD-B139-2ACF01E74929}.Debug|iPhone.ActiveCfg = Debug|Any CPU
		{DE3227FA-3765-40AD-B139-2ACF01E74929}.Debug|iPhone.Build.0 = Debug|Any CPU
		{DE3227FA-3765-40AD-B139-2ACF01E74929}.Debug|iPhone.Deploy.0 = Debug|Any CPU
		{DE3227FA-3765-40AD-B139-2ACF01E74929}.Debug|iPhoneSimulator.ActiveCfg = Debug|Any CPU
		{DE3227FA-3765-40AD-B139-2ACF01E74929}.Debug|iPhoneSimulator.Build.0 = Debug|Any CPU
		{DE3227FA-3765-40AD-B139-2ACF01E74929}.Debug|iPhoneSimulator.Deploy.0 = Debug|Any CPU
		{DE3227FA-3765-40AD-B139-2ACF01E74929}.Debug|x64.ActiveCfg = Debug|Any CPU
		{DE3227FA-3765-40AD-B139-2ACF01E74929}.Debug|x64.Build.0 = Debug|Any CPU
		{DE3227FA-3765-40AD-B139-2ACF01E74929}.Debug|x64.Deploy.0 = Debug|Any CPU
		{DE3227FA-3765-40AD-B139-2ACF01E74929}.Debug|x86.ActiveCfg = Debug|Any CPU
		{DE3227FA-3765-40AD-B139-2ACF01E74929}.Debug|x86.Build.0 = Debug|Any CPU
		{DE3227FA-3765-40AD-B139-2ACF01E74929}.Debug|x86.Deploy.0 = Debug|Any CPU
		{DE3227FA-3765-40AD-B139-2ACF01E74929}.Release|Any CPU.ActiveCfg = Release|Any CPU
		{DE3227FA-3765-40AD-B139-2ACF01E74929}.Release|Any CPU.Build.0 = Release|Any CPU
		{DE3227FA-3765-40AD-B139-2ACF01E74929}.Release|Any CPU.Deploy.0 = Release|Any CPU
		{DE3227FA-3765-40AD-B139-2ACF01E74929}.Release|ARM.ActiveCfg = Release|Any CPU
		{DE3227FA-3765-40AD-B139-2ACF01E74929}.Release|ARM.Build.0 = Release|Any CPU
		{DE3227FA-3765-40AD-B139-2ACF01E74929}.Release|ARM.Deploy.0 = Release|Any CPU
		{DE3227FA-3765-40AD-B139-2ACF01E74929}.Release|ARM64.ActiveCfg = Release|Any CPU
		{DE3227FA-3765-40AD-B139-2ACF01E74929}.Release|ARM64.Build.0 = Release|Any CPU
		{DE3227FA-3765-40AD-B139-2ACF01E74929}.Release|ARM64.Deploy.0 = Release|Any CPU
		{DE3227FA-3765-40AD-B139-2ACF01E74929}.Release|iPhone.ActiveCfg = Release|Any CPU
		{DE3227FA-3765-40AD-B139-2ACF01E74929}.Release|iPhone.Build.0 = Release|Any CPU
		{DE3227FA-3765-40AD-B139-2ACF01E74929}.Release|iPhone.Deploy.0 = Release|Any CPU
		{DE3227FA-3765-40AD-B139-2ACF01E74929}.Release|iPhoneSimulator.ActiveCfg = Release|Any CPU
		{DE3227FA-3765-40AD-B139-2ACF01E74929}.Release|iPhoneSimulator.Build.0 = Release|Any CPU
		{DE3227FA-3765-40AD-B139-2ACF01E74929}.Release|iPhoneSimulator.Deploy.0 = Release|Any CPU
		{DE3227FA-3765-40AD-B139-2ACF01E74929}.Release|x64.ActiveCfg = Release|Any CPU
		{DE3227FA-3765-40AD-B139-2ACF01E74929}.Release|x64.Build.0 = Release|Any CPU
		{DE3227FA-3765-40AD-B139-2ACF01E74929}.Release|x64.Deploy.0 = Release|Any CPU
		{DE3227FA-3765-40AD-B139-2ACF01E74929}.Release|x86.ActiveCfg = Release|Any CPU
		{DE3227FA-3765-40AD-B139-2ACF01E74929}.Release|x86.Build.0 = Release|Any CPU
		{DE3227FA-3765-40AD-B139-2ACF01E74929}.Release|x86.Deploy.0 = Release|Any CPU
		{148D2AA4-0906-4708-9AC2-9B6AB8CC5526}.Ad-Hoc|Any CPU.ActiveCfg = Ad-Hoc|iPhoneSimulator
		{148D2AA4-0906-4708-9AC2-9B6AB8CC5526}.Ad-Hoc|ARM.ActiveCfg = Ad-Hoc|iPhoneSimulator
		{148D2AA4-0906-4708-9AC2-9B6AB8CC5526}.Ad-Hoc|ARM64.ActiveCfg = Ad-Hoc|iPhoneSimulator
		{148D2AA4-0906-4708-9AC2-9B6AB8CC5526}.Ad-Hoc|iPhone.ActiveCfg = Ad-Hoc|iPhone
		{148D2AA4-0906-4708-9AC2-9B6AB8CC5526}.Ad-Hoc|iPhone.Build.0 = Ad-Hoc|iPhone
		{148D2AA4-0906-4708-9AC2-9B6AB8CC5526}.Ad-Hoc|iPhoneSimulator.ActiveCfg = Ad-Hoc|iPhoneSimulator
		{148D2AA4-0906-4708-9AC2-9B6AB8CC5526}.Ad-Hoc|iPhoneSimulator.Build.0 = Ad-Hoc|iPhoneSimulator
		{148D2AA4-0906-4708-9AC2-9B6AB8CC5526}.Ad-Hoc|x64.ActiveCfg = Ad-Hoc|iPhoneSimulator
		{148D2AA4-0906-4708-9AC2-9B6AB8CC5526}.Ad-Hoc|x86.ActiveCfg = Ad-Hoc|iPhoneSimulator
		{148D2AA4-0906-4708-9AC2-9B6AB8CC5526}.AppStore|Any CPU.ActiveCfg = AppStore|iPhoneSimulator
		{148D2AA4-0906-4708-9AC2-9B6AB8CC5526}.AppStore|ARM.ActiveCfg = AppStore|iPhoneSimulator
		{148D2AA4-0906-4708-9AC2-9B6AB8CC5526}.AppStore|ARM64.ActiveCfg = AppStore|iPhoneSimulator
		{148D2AA4-0906-4708-9AC2-9B6AB8CC5526}.AppStore|iPhone.ActiveCfg = AppStore|iPhone
		{148D2AA4-0906-4708-9AC2-9B6AB8CC5526}.AppStore|iPhone.Build.0 = AppStore|iPhone
		{148D2AA4-0906-4708-9AC2-9B6AB8CC5526}.AppStore|iPhoneSimulator.ActiveCfg = AppStore|iPhoneSimulator
		{148D2AA4-0906-4708-9AC2-9B6AB8CC5526}.AppStore|iPhoneSimulator.Build.0 = AppStore|iPhoneSimulator
		{148D2AA4-0906-4708-9AC2-9B6AB8CC5526}.AppStore|x64.ActiveCfg = AppStore|iPhoneSimulator
		{148D2AA4-0906-4708-9AC2-9B6AB8CC5526}.AppStore|x86.ActiveCfg = AppStore|iPhoneSimulator
		{148D2AA4-0906-4708-9AC2-9B6AB8CC5526}.Debug|Any CPU.ActiveCfg = Debug|iPhoneSimulator
		{148D2AA4-0906-4708-9AC2-9B6AB8CC5526}.Debug|ARM.ActiveCfg = Debug|iPhoneSimulator
		{148D2AA4-0906-4708-9AC2-9B6AB8CC5526}.Debug|ARM64.ActiveCfg = Debug|iPhoneSimulator
		{148D2AA4-0906-4708-9AC2-9B6AB8CC5526}.Debug|iPhone.ActiveCfg = Debug|iPhone
		{148D2AA4-0906-4708-9AC2-9B6AB8CC5526}.Debug|iPhone.Build.0 = Debug|iPhone
		{148D2AA4-0906-4708-9AC2-9B6AB8CC5526}.Debug|iPhoneSimulator.ActiveCfg = Debug|iPhoneSimulator
		{148D2AA4-0906-4708-9AC2-9B6AB8CC5526}.Debug|iPhoneSimulator.Build.0 = Debug|iPhoneSimulator
		{148D2AA4-0906-4708-9AC2-9B6AB8CC5526}.Debug|x64.ActiveCfg = Debug|iPhoneSimulator
		{148D2AA4-0906-4708-9AC2-9B6AB8CC5526}.Debug|x86.ActiveCfg = Debug|iPhoneSimulator
		{148D2AA4-0906-4708-9AC2-9B6AB8CC5526}.Release|Any CPU.ActiveCfg = Release|iPhoneSimulator
		{148D2AA4-0906-4708-9AC2-9B6AB8CC5526}.Release|ARM.ActiveCfg = Release|iPhoneSimulator
		{148D2AA4-0906-4708-9AC2-9B6AB8CC5526}.Release|ARM64.ActiveCfg = Release|iPhoneSimulator
		{148D2AA4-0906-4708-9AC2-9B6AB8CC5526}.Release|iPhone.ActiveCfg = Release|iPhone
		{148D2AA4-0906-4708-9AC2-9B6AB8CC5526}.Release|iPhone.Build.0 = Release|iPhone
		{148D2AA4-0906-4708-9AC2-9B6AB8CC5526}.Release|iPhoneSimulator.ActiveCfg = Release|iPhoneSimulator
		{148D2AA4-0906-4708-9AC2-9B6AB8CC5526}.Release|iPhoneSimulator.Build.0 = Release|iPhoneSimulator
		{148D2AA4-0906-4708-9AC2-9B6AB8CC5526}.Release|x64.ActiveCfg = Release|iPhoneSimulator
		{148D2AA4-0906-4708-9AC2-9B6AB8CC5526}.Release|x86.ActiveCfg = Release|iPhoneSimulator
		{808DCF90-96BD-4780-8331-502CD23101E4}.Ad-Hoc|Any CPU.ActiveCfg = Debug|x86
		{808DCF90-96BD-4780-8331-502CD23101E4}.Ad-Hoc|Any CPU.Build.0 = Debug|x86
		{808DCF90-96BD-4780-8331-502CD23101E4}.Ad-Hoc|Any CPU.Deploy.0 = Debug|x86
		{808DCF90-96BD-4780-8331-502CD23101E4}.Ad-Hoc|ARM.ActiveCfg = Debug|ARM
		{808DCF90-96BD-4780-8331-502CD23101E4}.Ad-Hoc|ARM.Build.0 = Debug|ARM
		{808DCF90-96BD-4780-8331-502CD23101E4}.Ad-Hoc|ARM.Deploy.0 = Debug|ARM
		{808DCF90-96BD-4780-8331-502CD23101E4}.Ad-Hoc|ARM64.ActiveCfg = Debug|ARM64
		{808DCF90-96BD-4780-8331-502CD23101E4}.Ad-Hoc|ARM64.Build.0 = Debug|ARM64
		{808DCF90-96BD-4780-8331-502CD23101E4}.Ad-Hoc|ARM64.Deploy.0 = Debug|ARM64
		{808DCF90-96BD-4780-8331-502CD23101E4}.Ad-Hoc|iPhone.ActiveCfg = Debug|x86
		{808DCF90-96BD-4780-8331-502CD23101E4}.Ad-Hoc|iPhone.Build.0 = Debug|x86
		{808DCF90-96BD-4780-8331-502CD23101E4}.Ad-Hoc|iPhone.Deploy.0 = Debug|x86
		{808DCF90-96BD-4780-8331-502CD23101E4}.Ad-Hoc|iPhoneSimulator.ActiveCfg = Debug|x86
		{808DCF90-96BD-4780-8331-502CD23101E4}.Ad-Hoc|iPhoneSimulator.Build.0 = Debug|x86
		{808DCF90-96BD-4780-8331-502CD23101E4}.Ad-Hoc|iPhoneSimulator.Deploy.0 = Debug|x86
		{808DCF90-96BD-4780-8331-502CD23101E4}.Ad-Hoc|x64.ActiveCfg = Debug|x64
		{808DCF90-96BD-4780-8331-502CD23101E4}.Ad-Hoc|x64.Build.0 = Debug|x64
		{808DCF90-96BD-4780-8331-502CD23101E4}.Ad-Hoc|x64.Deploy.0 = Debug|x64
		{808DCF90-96BD-4780-8331-502CD23101E4}.Ad-Hoc|x86.ActiveCfg = Debug|x86
		{808DCF90-96BD-4780-8331-502CD23101E4}.Ad-Hoc|x86.Build.0 = Debug|x86
		{808DCF90-96BD-4780-8331-502CD23101E4}.Ad-Hoc|x86.Deploy.0 = Debug|x86
		{808DCF90-96BD-4780-8331-502CD23101E4}.AppStore|Any CPU.ActiveCfg = Debug|x86
		{808DCF90-96BD-4780-8331-502CD23101E4}.AppStore|Any CPU.Build.0 = Debug|x86
		{808DCF90-96BD-4780-8331-502CD23101E4}.AppStore|Any CPU.Deploy.0 = Debug|x86
		{808DCF90-96BD-4780-8331-502CD23101E4}.AppStore|ARM.ActiveCfg = Debug|ARM
		{808DCF90-96BD-4780-8331-502CD23101E4}.AppStore|ARM.Build.0 = Debug|ARM
		{808DCF90-96BD-4780-8331-502CD23101E4}.AppStore|ARM.Deploy.0 = Debug|ARM
		{808DCF90-96BD-4780-8331-502CD23101E4}.AppStore|ARM64.ActiveCfg = Debug|ARM64
		{808DCF90-96BD-4780-8331-502CD23101E4}.AppStore|ARM64.Build.0 = Debug|ARM64
		{808DCF90-96BD-4780-8331-502CD23101E4}.AppStore|ARM64.Deploy.0 = Debug|ARM64
		{808DCF90-96BD-4780-8331-502CD23101E4}.AppStore|iPhone.ActiveCfg = Debug|x86
		{808DCF90-96BD-4780-8331-502CD23101E4}.AppStore|iPhone.Build.0 = Debug|x86
		{808DCF90-96BD-4780-8331-502CD23101E4}.AppStore|iPhone.Deploy.0 = Debug|x86
		{808DCF90-96BD-4780-8331-502CD23101E4}.AppStore|iPhoneSimulator.ActiveCfg = Debug|x86
		{808DCF90-96BD-4780-8331-502CD23101E4}.AppStore|iPhoneSimulator.Build.0 = Debug|x86
		{808DCF90-96BD-4780-8331-502CD23101E4}.AppStore|iPhoneSimulator.Deploy.0 = Debug|x86
		{808DCF90-96BD-4780-8331-502CD23101E4}.AppStore|x64.ActiveCfg = Debug|x64
		{808DCF90-96BD-4780-8331-502CD23101E4}.AppStore|x64.Build.0 = Debug|x64
		{808DCF90-96BD-4780-8331-502CD23101E4}.AppStore|x64.Deploy.0 = Debug|x64
		{808DCF90-96BD-4780-8331-502CD23101E4}.AppStore|x86.ActiveCfg = Debug|x86
		{808DCF90-96BD-4780-8331-502CD23101E4}.AppStore|x86.Build.0 = Debug|x86
		{808DCF90-96BD-4780-8331-502CD23101E4}.AppStore|x86.Deploy.0 = Debug|x86
		{808DCF90-96BD-4780-8331-502CD23101E4}.Debug|Any CPU.ActiveCfg = Debug|x86
		{808DCF90-96BD-4780-8331-502CD23101E4}.Debug|ARM.ActiveCfg = Debug|ARM
		{808DCF90-96BD-4780-8331-502CD23101E4}.Debug|ARM.Build.0 = Debug|ARM
		{808DCF90-96BD-4780-8331-502CD23101E4}.Debug|ARM.Deploy.0 = Debug|ARM
		{808DCF90-96BD-4780-8331-502CD23101E4}.Debug|ARM64.ActiveCfg = Debug|ARM64
		{808DCF90-96BD-4780-8331-502CD23101E4}.Debug|ARM64.Build.0 = Debug|ARM64
		{808DCF90-96BD-4780-8331-502CD23101E4}.Debug|ARM64.Deploy.0 = Debug|ARM64
		{808DCF90-96BD-4780-8331-502CD23101E4}.Debug|iPhone.ActiveCfg = Debug|x86
		{808DCF90-96BD-4780-8331-502CD23101E4}.Debug|iPhoneSimulator.ActiveCfg = Debug|x86
		{808DCF90-96BD-4780-8331-502CD23101E4}.Debug|x64.ActiveCfg = Debug|x64
		{808DCF90-96BD-4780-8331-502CD23101E4}.Debug|x64.Build.0 = Debug|x64
		{808DCF90-96BD-4780-8331-502CD23101E4}.Debug|x64.Deploy.0 = Debug|x64
		{808DCF90-96BD-4780-8331-502CD23101E4}.Debug|x86.ActiveCfg = Debug|x86
		{808DCF90-96BD-4780-8331-502CD23101E4}.Debug|x86.Build.0 = Debug|x86
		{808DCF90-96BD-4780-8331-502CD23101E4}.Debug|x86.Deploy.0 = Debug|x86
		{808DCF90-96BD-4780-8331-502CD23101E4}.Release|Any CPU.ActiveCfg = Release|x86
		{808DCF90-96BD-4780-8331-502CD23101E4}.Release|ARM.ActiveCfg = Release|ARM
		{808DCF90-96BD-4780-8331-502CD23101E4}.Release|ARM.Build.0 = Release|ARM
		{808DCF90-96BD-4780-8331-502CD23101E4}.Release|ARM.Deploy.0 = Release|ARM
		{808DCF90-96BD-4780-8331-502CD23101E4}.Release|ARM64.ActiveCfg = Release|ARM64
		{808DCF90-96BD-4780-8331-502CD23101E4}.Release|ARM64.Build.0 = Release|ARM64
		{808DCF90-96BD-4780-8331-502CD23101E4}.Release|ARM64.Deploy.0 = Release|ARM64
		{808DCF90-96BD-4780-8331-502CD23101E4}.Release|iPhone.ActiveCfg = Release|x86
		{808DCF90-96BD-4780-8331-502CD23101E4}.Release|iPhoneSimulator.ActiveCfg = Release|x86
		{808DCF90-96BD-4780-8331-502CD23101E4}.Release|x64.ActiveCfg = Release|x64
		{808DCF90-96BD-4780-8331-502CD23101E4}.Release|x64.Build.0 = Release|x64
		{808DCF90-96BD-4780-8331-502CD23101E4}.Release|x64.Deploy.0 = Release|x64
		{808DCF90-96BD-4780-8331-502CD23101E4}.Release|x86.ActiveCfg = Release|x86
		{808DCF90-96BD-4780-8331-502CD23101E4}.Release|x86.Build.0 = Release|x86
		{808DCF90-96BD-4780-8331-502CD23101E4}.Release|x86.Deploy.0 = Release|x86
		{FC5D4772-F935-44FE-9ED7-FA2ED88F85D8}.Ad-Hoc|Any CPU.ActiveCfg = Debug|Any CPU
		{FC5D4772-F935-44FE-9ED7-FA2ED88F85D8}.Ad-Hoc|Any CPU.Build.0 = Debug|Any CPU
		{FC5D4772-F935-44FE-9ED7-FA2ED88F85D8}.Ad-Hoc|ARM.ActiveCfg = Debug|Any CPU
		{FC5D4772-F935-44FE-9ED7-FA2ED88F85D8}.Ad-Hoc|ARM.Build.0 = Debug|Any CPU
		{FC5D4772-F935-44FE-9ED7-FA2ED88F85D8}.Ad-Hoc|ARM64.ActiveCfg = Debug|Any CPU
		{FC5D4772-F935-44FE-9ED7-FA2ED88F85D8}.Ad-Hoc|ARM64.Build.0 = Debug|Any CPU
		{FC5D4772-F935-44FE-9ED7-FA2ED88F85D8}.Ad-Hoc|iPhone.ActiveCfg = Debug|Any CPU
		{FC5D4772-F935-44FE-9ED7-FA2ED88F85D8}.Ad-Hoc|iPhone.Build.0 = Debug|Any CPU
		{FC5D4772-F935-44FE-9ED7-FA2ED88F85D8}.Ad-Hoc|iPhoneSimulator.ActiveCfg = Debug|Any CPU
		{FC5D4772-F935-44FE-9ED7-FA2ED88F85D8}.Ad-Hoc|iPhoneSimulator.Build.0 = Debug|Any CPU
		{FC5D4772-F935-44FE-9ED7-FA2ED88F85D8}.Ad-Hoc|x64.ActiveCfg = Debug|Any CPU
		{FC5D4772-F935-44FE-9ED7-FA2ED88F85D8}.Ad-Hoc|x64.Build.0 = Debug|Any CPU
		{FC5D4772-F935-44FE-9ED7-FA2ED88F85D8}.Ad-Hoc|x86.ActiveCfg = Debug|Any CPU
		{FC5D4772-F935-44FE-9ED7-FA2ED88F85D8}.Ad-Hoc|x86.Build.0 = Debug|Any CPU
		{FC5D4772-F935-44FE-9ED7-FA2ED88F85D8}.AppStore|Any CPU.ActiveCfg = Debug|Any CPU
		{FC5D4772-F935-44FE-9ED7-FA2ED88F85D8}.AppStore|Any CPU.Build.0 = Debug|Any CPU
		{FC5D4772-F935-44FE-9ED7-FA2ED88F85D8}.AppStore|ARM.ActiveCfg = Debug|Any CPU
		{FC5D4772-F935-44FE-9ED7-FA2ED88F85D8}.AppStore|ARM.Build.0 = Debug|Any CPU
		{FC5D4772-F935-44FE-9ED7-FA2ED88F85D8}.AppStore|ARM64.ActiveCfg = Debug|Any CPU
		{FC5D4772-F935-44FE-9ED7-FA2ED88F85D8}.AppStore|ARM64.Build.0 = Debug|Any CPU
		{FC5D4772-F935-44FE-9ED7-FA2ED88F85D8}.AppStore|iPhone.ActiveCfg = Debug|Any CPU
		{FC5D4772-F935-44FE-9ED7-FA2ED88F85D8}.AppStore|iPhone.Build.0 = Debug|Any CPU
		{FC5D4772-F935-44FE-9ED7-FA2ED88F85D8}.AppStore|iPhoneSimulator.ActiveCfg = Debug|Any CPU
		{FC5D4772-F935-44FE-9ED7-FA2ED88F85D8}.AppStore|iPhoneSimulator.Build.0 = Debug|Any CPU
		{FC5D4772-F935-44FE-9ED7-FA2ED88F85D8}.AppStore|x64.ActiveCfg = Debug|Any CPU
		{FC5D4772-F935-44FE-9ED7-FA2ED88F85D8}.AppStore|x64.Build.0 = Debug|Any CPU
		{FC5D4772-F935-44FE-9ED7-FA2ED88F85D8}.AppStore|x86.ActiveCfg = Debug|Any CPU
		{FC5D4772-F935-44FE-9ED7-FA2ED88F85D8}.AppStore|x86.Build.0 = Debug|Any CPU
		{FC5D4772-F935-44FE-9ED7-FA2ED88F85D8}.Debug|Any CPU.ActiveCfg = Debug|Any CPU
		{FC5D4772-F935-44FE-9ED7-FA2ED88F85D8}.Debug|Any CPU.Build.0 = Debug|Any CPU
		{FC5D4772-F935-44FE-9ED7-FA2ED88F85D8}.Debug|ARM.ActiveCfg = Debug|Any CPU
		{FC5D4772-F935-44FE-9ED7-FA2ED88F85D8}.Debug|ARM.Build.0 = Debug|Any CPU
		{FC5D4772-F935-44FE-9ED7-FA2ED88F85D8}.Debug|ARM64.ActiveCfg = Debug|Any CPU
		{FC5D4772-F935-44FE-9ED7-FA2ED88F85D8}.Debug|ARM64.Build.0 = Debug|Any CPU
		{FC5D4772-F935-44FE-9ED7-FA2ED88F85D8}.Debug|iPhone.ActiveCfg = Debug|Any CPU
		{FC5D4772-F935-44FE-9ED7-FA2ED88F85D8}.Debug|iPhone.Build.0 = Debug|Any CPU
		{FC5D4772-F935-44FE-9ED7-FA2ED88F85D8}.Debug|iPhoneSimulator.ActiveCfg = Debug|Any CPU
		{FC5D4772-F935-44FE-9ED7-FA2ED88F85D8}.Debug|iPhoneSimulator.Build.0 = Debug|Any CPU
		{FC5D4772-F935-44FE-9ED7-FA2ED88F85D8}.Debug|x64.ActiveCfg = Debug|Any CPU
		{FC5D4772-F935-44FE-9ED7-FA2ED88F85D8}.Debug|x64.Build.0 = Debug|Any CPU
		{FC5D4772-F935-44FE-9ED7-FA2ED88F85D8}.Debug|x86.ActiveCfg = Debug|Any CPU
		{FC5D4772-F935-44FE-9ED7-FA2ED88F85D8}.Debug|x86.Build.0 = Debug|Any CPU
		{FC5D4772-F935-44FE-9ED7-FA2ED88F85D8}.Release|Any CPU.ActiveCfg = Release|Any CPU
		{FC5D4772-F935-44FE-9ED7-FA2ED88F85D8}.Release|Any CPU.Build.0 = Release|Any CPU
		{FC5D4772-F935-44FE-9ED7-FA2ED88F85D8}.Release|ARM.ActiveCfg = Release|Any CPU
		{FC5D4772-F935-44FE-9ED7-FA2ED88F85D8}.Release|ARM.Build.0 = Release|Any CPU
		{FC5D4772-F935-44FE-9ED7-FA2ED88F85D8}.Release|ARM64.ActiveCfg = Release|Any CPU
		{FC5D4772-F935-44FE-9ED7-FA2ED88F85D8}.Release|ARM64.Build.0 = Release|Any CPU
		{FC5D4772-F935-44FE-9ED7-FA2ED88F85D8}.Release|iPhone.ActiveCfg = Release|Any CPU
		{FC5D4772-F935-44FE-9ED7-FA2ED88F85D8}.Release|iPhone.Build.0 = Release|Any CPU
		{FC5D4772-F935-44FE-9ED7-FA2ED88F85D8}.Release|iPhoneSimulator.ActiveCfg = Release|Any CPU
		{FC5D4772-F935-44FE-9ED7-FA2ED88F85D8}.Release|iPhoneSimulator.Build.0 = Release|Any CPU
		{FC5D4772-F935-44FE-9ED7-FA2ED88F85D8}.Release|x64.ActiveCfg = Release|Any CPU
		{FC5D4772-F935-44FE-9ED7-FA2ED88F85D8}.Release|x64.Build.0 = Release|Any CPU
		{FC5D4772-F935-44FE-9ED7-FA2ED88F85D8}.Release|x86.ActiveCfg = Release|Any CPU
		{FC5D4772-F935-44FE-9ED7-FA2ED88F85D8}.Release|x86.Build.0 = Release|Any CPU
		{90460528-E24D-4F33-9A1D-83413E206F3F}.Ad-Hoc|Any CPU.ActiveCfg = Debug|iPhoneSimulator
		{90460528-E24D-4F33-9A1D-83413E206F3F}.Ad-Hoc|Any CPU.Build.0 = Debug|iPhoneSimulator
		{90460528-E24D-4F33-9A1D-83413E206F3F}.Ad-Hoc|ARM.ActiveCfg = Debug|iPhoneSimulator
		{90460528-E24D-4F33-9A1D-83413E206F3F}.Ad-Hoc|ARM.Build.0 = Debug|iPhoneSimulator
		{90460528-E24D-4F33-9A1D-83413E206F3F}.Ad-Hoc|ARM64.ActiveCfg = Debug|iPhoneSimulator
		{90460528-E24D-4F33-9A1D-83413E206F3F}.Ad-Hoc|ARM64.Build.0 = Debug|iPhoneSimulator
		{90460528-E24D-4F33-9A1D-83413E206F3F}.Ad-Hoc|iPhone.ActiveCfg = Debug|iPhoneSimulator
		{90460528-E24D-4F33-9A1D-83413E206F3F}.Ad-Hoc|iPhone.Build.0 = Debug|iPhoneSimulator
		{90460528-E24D-4F33-9A1D-83413E206F3F}.Ad-Hoc|iPhoneSimulator.ActiveCfg = Debug|iPhoneSimulator
		{90460528-E24D-4F33-9A1D-83413E206F3F}.Ad-Hoc|iPhoneSimulator.Build.0 = Debug|iPhoneSimulator
		{90460528-E24D-4F33-9A1D-83413E206F3F}.Ad-Hoc|x64.ActiveCfg = Debug|iPhoneSimulator
		{90460528-E24D-4F33-9A1D-83413E206F3F}.Ad-Hoc|x64.Build.0 = Debug|iPhoneSimulator
		{90460528-E24D-4F33-9A1D-83413E206F3F}.Ad-Hoc|x86.ActiveCfg = Debug|iPhoneSimulator
		{90460528-E24D-4F33-9A1D-83413E206F3F}.Ad-Hoc|x86.Build.0 = Debug|iPhoneSimulator
		{90460528-E24D-4F33-9A1D-83413E206F3F}.AppStore|Any CPU.ActiveCfg = Debug|iPhoneSimulator
		{90460528-E24D-4F33-9A1D-83413E206F3F}.AppStore|Any CPU.Build.0 = Debug|iPhoneSimulator
		{90460528-E24D-4F33-9A1D-83413E206F3F}.AppStore|ARM.ActiveCfg = Debug|iPhoneSimulator
		{90460528-E24D-4F33-9A1D-83413E206F3F}.AppStore|ARM.Build.0 = Debug|iPhoneSimulator
		{90460528-E24D-4F33-9A1D-83413E206F3F}.AppStore|ARM64.ActiveCfg = Debug|iPhoneSimulator
		{90460528-E24D-4F33-9A1D-83413E206F3F}.AppStore|ARM64.Build.0 = Debug|iPhoneSimulator
		{90460528-E24D-4F33-9A1D-83413E206F3F}.AppStore|iPhone.ActiveCfg = Debug|iPhoneSimulator
		{90460528-E24D-4F33-9A1D-83413E206F3F}.AppStore|iPhone.Build.0 = Debug|iPhoneSimulator
		{90460528-E24D-4F33-9A1D-83413E206F3F}.AppStore|iPhoneSimulator.ActiveCfg = Debug|iPhoneSimulator
		{90460528-E24D-4F33-9A1D-83413E206F3F}.AppStore|iPhoneSimulator.Build.0 = Debug|iPhoneSimulator
		{90460528-E24D-4F33-9A1D-83413E206F3F}.AppStore|x64.ActiveCfg = Debug|iPhoneSimulator
		{90460528-E24D-4F33-9A1D-83413E206F3F}.AppStore|x64.Build.0 = Debug|iPhoneSimulator
		{90460528-E24D-4F33-9A1D-83413E206F3F}.AppStore|x86.ActiveCfg = Debug|iPhoneSimulator
		{90460528-E24D-4F33-9A1D-83413E206F3F}.AppStore|x86.Build.0 = Debug|iPhoneSimulator
		{90460528-E24D-4F33-9A1D-83413E206F3F}.Debug|Any CPU.ActiveCfg = Debug|iPhoneSimulator
		{90460528-E24D-4F33-9A1D-83413E206F3F}.Debug|ARM.ActiveCfg = Debug|iPhoneSimulator
		{90460528-E24D-4F33-9A1D-83413E206F3F}.Debug|ARM64.ActiveCfg = Debug|iPhoneSimulator
		{90460528-E24D-4F33-9A1D-83413E206F3F}.Debug|iPhone.ActiveCfg = Debug|iPhoneSimulator
		{90460528-E24D-4F33-9A1D-83413E206F3F}.Debug|iPhoneSimulator.ActiveCfg = Debug|iPhoneSimulator
		{90460528-E24D-4F33-9A1D-83413E206F3F}.Debug|iPhoneSimulator.Build.0 = Debug|iPhoneSimulator
		{90460528-E24D-4F33-9A1D-83413E206F3F}.Debug|x64.ActiveCfg = Debug|iPhoneSimulator
		{90460528-E24D-4F33-9A1D-83413E206F3F}.Debug|x86.ActiveCfg = Debug|iPhoneSimulator
		{90460528-E24D-4F33-9A1D-83413E206F3F}.Release|Any CPU.ActiveCfg = Release|iPhoneSimulator
		{90460528-E24D-4F33-9A1D-83413E206F3F}.Release|ARM.ActiveCfg = Release|iPhoneSimulator
		{90460528-E24D-4F33-9A1D-83413E206F3F}.Release|ARM64.ActiveCfg = Release|iPhoneSimulator
		{90460528-E24D-4F33-9A1D-83413E206F3F}.Release|iPhone.ActiveCfg = Release|iPhoneSimulator
		{90460528-E24D-4F33-9A1D-83413E206F3F}.Release|iPhoneSimulator.ActiveCfg = Release|iPhoneSimulator
		{90460528-E24D-4F33-9A1D-83413E206F3F}.Release|iPhoneSimulator.Build.0 = Release|iPhoneSimulator
		{90460528-E24D-4F33-9A1D-83413E206F3F}.Release|x64.ActiveCfg = Release|iPhoneSimulator
		{90460528-E24D-4F33-9A1D-83413E206F3F}.Release|x86.ActiveCfg = Release|iPhoneSimulator
		{409A7EB3-BE9A-4267-8623-DF9B8D419967}.Ad-Hoc|Any CPU.ActiveCfg = Debug|Any CPU
		{409A7EB3-BE9A-4267-8623-DF9B8D419967}.Ad-Hoc|Any CPU.Build.0 = Debug|Any CPU
		{409A7EB3-BE9A-4267-8623-DF9B8D419967}.Ad-Hoc|ARM.ActiveCfg = Debug|Any CPU
		{409A7EB3-BE9A-4267-8623-DF9B8D419967}.Ad-Hoc|ARM.Build.0 = Debug|Any CPU
		{409A7EB3-BE9A-4267-8623-DF9B8D419967}.Ad-Hoc|ARM64.ActiveCfg = Debug|Any CPU
		{409A7EB3-BE9A-4267-8623-DF9B8D419967}.Ad-Hoc|ARM64.Build.0 = Debug|Any CPU
		{409A7EB3-BE9A-4267-8623-DF9B8D419967}.Ad-Hoc|iPhone.ActiveCfg = Debug|Any CPU
		{409A7EB3-BE9A-4267-8623-DF9B8D419967}.Ad-Hoc|iPhone.Build.0 = Debug|Any CPU
		{409A7EB3-BE9A-4267-8623-DF9B8D419967}.Ad-Hoc|iPhoneSimulator.ActiveCfg = Debug|Any CPU
		{409A7EB3-BE9A-4267-8623-DF9B8D419967}.Ad-Hoc|iPhoneSimulator.Build.0 = Debug|Any CPU
		{409A7EB3-BE9A-4267-8623-DF9B8D419967}.Ad-Hoc|x64.ActiveCfg = Debug|Any CPU
		{409A7EB3-BE9A-4267-8623-DF9B8D419967}.Ad-Hoc|x64.Build.0 = Debug|Any CPU
		{409A7EB3-BE9A-4267-8623-DF9B8D419967}.Ad-Hoc|x86.ActiveCfg = Debug|Any CPU
		{409A7EB3-BE9A-4267-8623-DF9B8D419967}.Ad-Hoc|x86.Build.0 = Debug|Any CPU
		{409A7EB3-BE9A-4267-8623-DF9B8D419967}.AppStore|Any CPU.ActiveCfg = Debug|Any CPU
		{409A7EB3-BE9A-4267-8623-DF9B8D419967}.AppStore|Any CPU.Build.0 = Debug|Any CPU
		{409A7EB3-BE9A-4267-8623-DF9B8D419967}.AppStore|ARM.ActiveCfg = Debug|Any CPU
		{409A7EB3-BE9A-4267-8623-DF9B8D419967}.AppStore|ARM.Build.0 = Debug|Any CPU
		{409A7EB3-BE9A-4267-8623-DF9B8D419967}.AppStore|ARM64.ActiveCfg = Debug|Any CPU
		{409A7EB3-BE9A-4267-8623-DF9B8D419967}.AppStore|ARM64.Build.0 = Debug|Any CPU
		{409A7EB3-BE9A-4267-8623-DF9B8D419967}.AppStore|iPhone.ActiveCfg = Debug|Any CPU
		{409A7EB3-BE9A-4267-8623-DF9B8D419967}.AppStore|iPhone.Build.0 = Debug|Any CPU
		{409A7EB3-BE9A-4267-8623-DF9B8D419967}.AppStore|iPhoneSimulator.ActiveCfg = Debug|Any CPU
		{409A7EB3-BE9A-4267-8623-DF9B8D419967}.AppStore|iPhoneSimulator.Build.0 = Debug|Any CPU
		{409A7EB3-BE9A-4267-8623-DF9B8D419967}.AppStore|x64.ActiveCfg = Debug|Any CPU
		{409A7EB3-BE9A-4267-8623-DF9B8D419967}.AppStore|x64.Build.0 = Debug|Any CPU
		{409A7EB3-BE9A-4267-8623-DF9B8D419967}.AppStore|x86.ActiveCfg = Debug|Any CPU
		{409A7EB3-BE9A-4267-8623-DF9B8D419967}.AppStore|x86.Build.0 = Debug|Any CPU
		{409A7EB3-BE9A-4267-8623-DF9B8D419967}.Debug|Any CPU.ActiveCfg = Debug|Any CPU
		{409A7EB3-BE9A-4267-8623-DF9B8D419967}.Debug|Any CPU.Build.0 = Debug|Any CPU
		{409A7EB3-BE9A-4267-8623-DF9B8D419967}.Debug|ARM.ActiveCfg = Debug|Any CPU
		{409A7EB3-BE9A-4267-8623-DF9B8D419967}.Debug|ARM.Build.0 = Debug|Any CPU
		{409A7EB3-BE9A-4267-8623-DF9B8D419967}.Debug|ARM64.ActiveCfg = Debug|Any CPU
		{409A7EB3-BE9A-4267-8623-DF9B8D419967}.Debug|ARM64.Build.0 = Debug|Any CPU
		{409A7EB3-BE9A-4267-8623-DF9B8D419967}.Debug|iPhone.ActiveCfg = Debug|Any CPU
		{409A7EB3-BE9A-4267-8623-DF9B8D419967}.Debug|iPhone.Build.0 = Debug|Any CPU
		{409A7EB3-BE9A-4267-8623-DF9B8D419967}.Debug|iPhoneSimulator.ActiveCfg = Debug|Any CPU
		{409A7EB3-BE9A-4267-8623-DF9B8D419967}.Debug|iPhoneSimulator.Build.0 = Debug|Any CPU
		{409A7EB3-BE9A-4267-8623-DF9B8D419967}.Debug|x64.ActiveCfg = Debug|Any CPU
		{409A7EB3-BE9A-4267-8623-DF9B8D419967}.Debug|x64.Build.0 = Debug|Any CPU
		{409A7EB3-BE9A-4267-8623-DF9B8D419967}.Debug|x86.ActiveCfg = Debug|Any CPU
		{409A7EB3-BE9A-4267-8623-DF9B8D419967}.Debug|x86.Build.0 = Debug|Any CPU
		{409A7EB3-BE9A-4267-8623-DF9B8D419967}.Release|Any CPU.ActiveCfg = Release|Any CPU
		{409A7EB3-BE9A-4267-8623-DF9B8D419967}.Release|Any CPU.Build.0 = Release|Any CPU
		{409A7EB3-BE9A-4267-8623-DF9B8D419967}.Release|ARM.ActiveCfg = Release|Any CPU
		{409A7EB3-BE9A-4267-8623-DF9B8D419967}.Release|ARM.Build.0 = Release|Any CPU
		{409A7EB3-BE9A-4267-8623-DF9B8D419967}.Release|ARM64.ActiveCfg = Release|Any CPU
		{409A7EB3-BE9A-4267-8623-DF9B8D419967}.Release|ARM64.Build.0 = Release|Any CPU
		{409A7EB3-BE9A-4267-8623-DF9B8D419967}.Release|iPhone.ActiveCfg = Release|Any CPU
		{409A7EB3-BE9A-4267-8623-DF9B8D419967}.Release|iPhone.Build.0 = Release|Any CPU
		{409A7EB3-BE9A-4267-8623-DF9B8D419967}.Release|iPhoneSimulator.ActiveCfg = Release|Any CPU
		{409A7EB3-BE9A-4267-8623-DF9B8D419967}.Release|iPhoneSimulator.Build.0 = Release|Any CPU
		{409A7EB3-BE9A-4267-8623-DF9B8D419967}.Release|x64.ActiveCfg = Release|Any CPU
		{409A7EB3-BE9A-4267-8623-DF9B8D419967}.Release|x64.Build.0 = Release|Any CPU
		{409A7EB3-BE9A-4267-8623-DF9B8D419967}.Release|x86.ActiveCfg = Release|Any CPU
		{409A7EB3-BE9A-4267-8623-DF9B8D419967}.Release|x86.Build.0 = Release|Any CPU
		{E0F0585A-A913-4636-9EC0-9964E43575E5}.Ad-Hoc|Any CPU.ActiveCfg = Debug|Any CPU
		{E0F0585A-A913-4636-9EC0-9964E43575E5}.Ad-Hoc|Any CPU.Build.0 = Debug|Any CPU
		{E0F0585A-A913-4636-9EC0-9964E43575E5}.Ad-Hoc|ARM.ActiveCfg = Debug|Any CPU
		{E0F0585A-A913-4636-9EC0-9964E43575E5}.Ad-Hoc|ARM.Build.0 = Debug|Any CPU
		{E0F0585A-A913-4636-9EC0-9964E43575E5}.Ad-Hoc|ARM64.ActiveCfg = Debug|Any CPU
		{E0F0585A-A913-4636-9EC0-9964E43575E5}.Ad-Hoc|ARM64.Build.0 = Debug|Any CPU
		{E0F0585A-A913-4636-9EC0-9964E43575E5}.Ad-Hoc|iPhone.ActiveCfg = Debug|Any CPU
		{E0F0585A-A913-4636-9EC0-9964E43575E5}.Ad-Hoc|iPhone.Build.0 = Debug|Any CPU
		{E0F0585A-A913-4636-9EC0-9964E43575E5}.Ad-Hoc|iPhoneSimulator.ActiveCfg = Debug|Any CPU
		{E0F0585A-A913-4636-9EC0-9964E43575E5}.Ad-Hoc|iPhoneSimulator.Build.0 = Debug|Any CPU
		{E0F0585A-A913-4636-9EC0-9964E43575E5}.Ad-Hoc|x64.ActiveCfg = Debug|Any CPU
		{E0F0585A-A913-4636-9EC0-9964E43575E5}.Ad-Hoc|x64.Build.0 = Debug|Any CPU
		{E0F0585A-A913-4636-9EC0-9964E43575E5}.Ad-Hoc|x86.ActiveCfg = Debug|Any CPU
		{E0F0585A-A913-4636-9EC0-9964E43575E5}.Ad-Hoc|x86.Build.0 = Debug|Any CPU
		{E0F0585A-A913-4636-9EC0-9964E43575E5}.AppStore|Any CPU.ActiveCfg = Debug|Any CPU
		{E0F0585A-A913-4636-9EC0-9964E43575E5}.AppStore|Any CPU.Build.0 = Debug|Any CPU
		{E0F0585A-A913-4636-9EC0-9964E43575E5}.AppStore|ARM.ActiveCfg = Debug|Any CPU
		{E0F0585A-A913-4636-9EC0-9964E43575E5}.AppStore|ARM.Build.0 = Debug|Any CPU
		{E0F0585A-A913-4636-9EC0-9964E43575E5}.AppStore|ARM64.ActiveCfg = Debug|Any CPU
		{E0F0585A-A913-4636-9EC0-9964E43575E5}.AppStore|ARM64.Build.0 = Debug|Any CPU
		{E0F0585A-A913-4636-9EC0-9964E43575E5}.AppStore|iPhone.ActiveCfg = Debug|Any CPU
		{E0F0585A-A913-4636-9EC0-9964E43575E5}.AppStore|iPhone.Build.0 = Debug|Any CPU
		{E0F0585A-A913-4636-9EC0-9964E43575E5}.AppStore|iPhoneSimulator.ActiveCfg = Debug|Any CPU
		{E0F0585A-A913-4636-9EC0-9964E43575E5}.AppStore|iPhoneSimulator.Build.0 = Debug|Any CPU
		{E0F0585A-A913-4636-9EC0-9964E43575E5}.AppStore|x64.ActiveCfg = Debug|Any CPU
		{E0F0585A-A913-4636-9EC0-9964E43575E5}.AppStore|x64.Build.0 = Debug|Any CPU
		{E0F0585A-A913-4636-9EC0-9964E43575E5}.AppStore|x86.ActiveCfg = Debug|Any CPU
		{E0F0585A-A913-4636-9EC0-9964E43575E5}.AppStore|x86.Build.0 = Debug|Any CPU
		{E0F0585A-A913-4636-9EC0-9964E43575E5}.Debug|Any CPU.ActiveCfg = Debug|Any CPU
		{E0F0585A-A913-4636-9EC0-9964E43575E5}.Debug|Any CPU.Build.0 = Debug|Any CPU
		{E0F0585A-A913-4636-9EC0-9964E43575E5}.Debug|ARM.ActiveCfg = Debug|Any CPU
		{E0F0585A-A913-4636-9EC0-9964E43575E5}.Debug|ARM.Build.0 = Debug|Any CPU
		{E0F0585A-A913-4636-9EC0-9964E43575E5}.Debug|ARM64.ActiveCfg = Debug|Any CPU
		{E0F0585A-A913-4636-9EC0-9964E43575E5}.Debug|ARM64.Build.0 = Debug|Any CPU
		{E0F0585A-A913-4636-9EC0-9964E43575E5}.Debug|iPhone.ActiveCfg = Debug|Any CPU
		{E0F0585A-A913-4636-9EC0-9964E43575E5}.Debug|iPhone.Build.0 = Debug|Any CPU
		{E0F0585A-A913-4636-9EC0-9964E43575E5}.Debug|iPhoneSimulator.ActiveCfg = Debug|Any CPU
		{E0F0585A-A913-4636-9EC0-9964E43575E5}.Debug|iPhoneSimulator.Build.0 = Debug|Any CPU
		{E0F0585A-A913-4636-9EC0-9964E43575E5}.Debug|x64.ActiveCfg = Debug|Any CPU
		{E0F0585A-A913-4636-9EC0-9964E43575E5}.Debug|x64.Build.0 = Debug|Any CPU
		{E0F0585A-A913-4636-9EC0-9964E43575E5}.Debug|x86.ActiveCfg = Debug|Any CPU
		{E0F0585A-A913-4636-9EC0-9964E43575E5}.Debug|x86.Build.0 = Debug|Any CPU
		{E0F0585A-A913-4636-9EC0-9964E43575E5}.Release|Any CPU.ActiveCfg = Release|Any CPU
		{E0F0585A-A913-4636-9EC0-9964E43575E5}.Release|Any CPU.Build.0 = Release|Any CPU
		{E0F0585A-A913-4636-9EC0-9964E43575E5}.Release|ARM.ActiveCfg = Release|Any CPU
		{E0F0585A-A913-4636-9EC0-9964E43575E5}.Release|ARM.Build.0 = Release|Any CPU
		{E0F0585A-A913-4636-9EC0-9964E43575E5}.Release|ARM64.ActiveCfg = Release|Any CPU
		{E0F0585A-A913-4636-9EC0-9964E43575E5}.Release|ARM64.Build.0 = Release|Any CPU
		{E0F0585A-A913-4636-9EC0-9964E43575E5}.Release|iPhone.ActiveCfg = Release|Any CPU
		{E0F0585A-A913-4636-9EC0-9964E43575E5}.Release|iPhone.Build.0 = Release|Any CPU
		{E0F0585A-A913-4636-9EC0-9964E43575E5}.Release|iPhoneSimulator.ActiveCfg = Release|Any CPU
		{E0F0585A-A913-4636-9EC0-9964E43575E5}.Release|iPhoneSimulator.Build.0 = Release|Any CPU
		{E0F0585A-A913-4636-9EC0-9964E43575E5}.Release|x64.ActiveCfg = Release|Any CPU
		{E0F0585A-A913-4636-9EC0-9964E43575E5}.Release|x64.Build.0 = Release|Any CPU
		{E0F0585A-A913-4636-9EC0-9964E43575E5}.Release|x86.ActiveCfg = Release|Any CPU
		{E0F0585A-A913-4636-9EC0-9964E43575E5}.Release|x86.Build.0 = Release|Any CPU
		{2F2B5862-3A70-4B64-ACC5-438D470F7DD3}.Ad-Hoc|Any CPU.ActiveCfg = Debug|Any CPU
		{2F2B5862-3A70-4B64-ACC5-438D470F7DD3}.Ad-Hoc|Any CPU.Build.0 = Debug|Any CPU
		{2F2B5862-3A70-4B64-ACC5-438D470F7DD3}.Ad-Hoc|ARM.ActiveCfg = Debug|Any CPU
		{2F2B5862-3A70-4B64-ACC5-438D470F7DD3}.Ad-Hoc|ARM.Build.0 = Debug|Any CPU
		{2F2B5862-3A70-4B64-ACC5-438D470F7DD3}.Ad-Hoc|ARM64.ActiveCfg = Debug|Any CPU
		{2F2B5862-3A70-4B64-ACC5-438D470F7DD3}.Ad-Hoc|ARM64.Build.0 = Debug|Any CPU
		{2F2B5862-3A70-4B64-ACC5-438D470F7DD3}.Ad-Hoc|iPhone.ActiveCfg = Debug|Any CPU
		{2F2B5862-3A70-4B64-ACC5-438D470F7DD3}.Ad-Hoc|iPhone.Build.0 = Debug|Any CPU
		{2F2B5862-3A70-4B64-ACC5-438D470F7DD3}.Ad-Hoc|iPhoneSimulator.ActiveCfg = Debug|Any CPU
		{2F2B5862-3A70-4B64-ACC5-438D470F7DD3}.Ad-Hoc|iPhoneSimulator.Build.0 = Debug|Any CPU
		{2F2B5862-3A70-4B64-ACC5-438D470F7DD3}.Ad-Hoc|x64.ActiveCfg = Debug|Any CPU
		{2F2B5862-3A70-4B64-ACC5-438D470F7DD3}.Ad-Hoc|x64.Build.0 = Debug|Any CPU
		{2F2B5862-3A70-4B64-ACC5-438D470F7DD3}.Ad-Hoc|x86.ActiveCfg = Debug|Any CPU
		{2F2B5862-3A70-4B64-ACC5-438D470F7DD3}.Ad-Hoc|x86.Build.0 = Debug|Any CPU
		{2F2B5862-3A70-4B64-ACC5-438D470F7DD3}.AppStore|Any CPU.ActiveCfg = Debug|Any CPU
		{2F2B5862-3A70-4B64-ACC5-438D470F7DD3}.AppStore|Any CPU.Build.0 = Debug|Any CPU
		{2F2B5862-3A70-4B64-ACC5-438D470F7DD3}.AppStore|ARM.ActiveCfg = Debug|Any CPU
		{2F2B5862-3A70-4B64-ACC5-438D470F7DD3}.AppStore|ARM.Build.0 = Debug|Any CPU
		{2F2B5862-3A70-4B64-ACC5-438D470F7DD3}.AppStore|ARM64.ActiveCfg = Debug|Any CPU
		{2F2B5862-3A70-4B64-ACC5-438D470F7DD3}.AppStore|ARM64.Build.0 = Debug|Any CPU
		{2F2B5862-3A70-4B64-ACC5-438D470F7DD3}.AppStore|iPhone.ActiveCfg = Debug|Any CPU
		{2F2B5862-3A70-4B64-ACC5-438D470F7DD3}.AppStore|iPhone.Build.0 = Debug|Any CPU
		{2F2B5862-3A70-4B64-ACC5-438D470F7DD3}.AppStore|iPhoneSimulator.ActiveCfg = Debug|Any CPU
		{2F2B5862-3A70-4B64-ACC5-438D470F7DD3}.AppStore|iPhoneSimulator.Build.0 = Debug|Any CPU
		{2F2B5862-3A70-4B64-ACC5-438D470F7DD3}.AppStore|x64.ActiveCfg = Debug|Any CPU
		{2F2B5862-3A70-4B64-ACC5-438D470F7DD3}.AppStore|x64.Build.0 = Debug|Any CPU
		{2F2B5862-3A70-4B64-ACC5-438D470F7DD3}.AppStore|x86.ActiveCfg = Debug|Any CPU
		{2F2B5862-3A70-4B64-ACC5-438D470F7DD3}.AppStore|x86.Build.0 = Debug|Any CPU
		{2F2B5862-3A70-4B64-ACC5-438D470F7DD3}.Debug|Any CPU.ActiveCfg = Debug|Any CPU
		{2F2B5862-3A70-4B64-ACC5-438D470F7DD3}.Debug|Any CPU.Build.0 = Debug|Any CPU
		{2F2B5862-3A70-4B64-ACC5-438D470F7DD3}.Debug|ARM.ActiveCfg = Debug|Any CPU
		{2F2B5862-3A70-4B64-ACC5-438D470F7DD3}.Debug|ARM.Build.0 = Debug|Any CPU
		{2F2B5862-3A70-4B64-ACC5-438D470F7DD3}.Debug|ARM64.ActiveCfg = Debug|Any CPU
		{2F2B5862-3A70-4B64-ACC5-438D470F7DD3}.Debug|ARM64.Build.0 = Debug|Any CPU
		{2F2B5862-3A70-4B64-ACC5-438D470F7DD3}.Debug|iPhone.ActiveCfg = Debug|Any CPU
		{2F2B5862-3A70-4B64-ACC5-438D470F7DD3}.Debug|iPhone.Build.0 = Debug|Any CPU
		{2F2B5862-3A70-4B64-ACC5-438D470F7DD3}.Debug|iPhoneSimulator.ActiveCfg = Debug|Any CPU
		{2F2B5862-3A70-4B64-ACC5-438D470F7DD3}.Debug|iPhoneSimulator.Build.0 = Debug|Any CPU
		{2F2B5862-3A70-4B64-ACC5-438D470F7DD3}.Debug|x64.ActiveCfg = Debug|Any CPU
		{2F2B5862-3A70-4B64-ACC5-438D470F7DD3}.Debug|x64.Build.0 = Debug|Any CPU
		{2F2B5862-3A70-4B64-ACC5-438D470F7DD3}.Debug|x86.ActiveCfg = Debug|Any CPU
		{2F2B5862-3A70-4B64-ACC5-438D470F7DD3}.Debug|x86.Build.0 = Debug|Any CPU
		{2F2B5862-3A70-4B64-ACC5-438D470F7DD3}.Release|Any CPU.ActiveCfg = Release|Any CPU
		{2F2B5862-3A70-4B64-ACC5-438D470F7DD3}.Release|Any CPU.Build.0 = Release|Any CPU
		{2F2B5862-3A70-4B64-ACC5-438D470F7DD3}.Release|ARM.ActiveCfg = Release|Any CPU
		{2F2B5862-3A70-4B64-ACC5-438D470F7DD3}.Release|ARM.Build.0 = Release|Any CPU
		{2F2B5862-3A70-4B64-ACC5-438D470F7DD3}.Release|ARM64.ActiveCfg = Release|Any CPU
		{2F2B5862-3A70-4B64-ACC5-438D470F7DD3}.Release|ARM64.Build.0 = Release|Any CPU
		{2F2B5862-3A70-4B64-ACC5-438D470F7DD3}.Release|iPhone.ActiveCfg = Release|Any CPU
		{2F2B5862-3A70-4B64-ACC5-438D470F7DD3}.Release|iPhone.Build.0 = Release|Any CPU
		{2F2B5862-3A70-4B64-ACC5-438D470F7DD3}.Release|iPhoneSimulator.ActiveCfg = Release|Any CPU
		{2F2B5862-3A70-4B64-ACC5-438D470F7DD3}.Release|iPhoneSimulator.Build.0 = Release|Any CPU
		{2F2B5862-3A70-4B64-ACC5-438D470F7DD3}.Release|x64.ActiveCfg = Release|Any CPU
		{2F2B5862-3A70-4B64-ACC5-438D470F7DD3}.Release|x64.Build.0 = Release|Any CPU
		{2F2B5862-3A70-4B64-ACC5-438D470F7DD3}.Release|x86.ActiveCfg = Release|Any CPU
		{2F2B5862-3A70-4B64-ACC5-438D470F7DD3}.Release|x86.Build.0 = Release|Any CPU
		{268A9A34-608B-4AE6-A73C-26AD8B0A0FC1}.Ad-Hoc|Any CPU.ActiveCfg = Debug|Any CPU
		{268A9A34-608B-4AE6-A73C-26AD8B0A0FC1}.Ad-Hoc|Any CPU.Build.0 = Debug|Any CPU
		{268A9A34-608B-4AE6-A73C-26AD8B0A0FC1}.Ad-Hoc|ARM.ActiveCfg = Debug|Any CPU
		{268A9A34-608B-4AE6-A73C-26AD8B0A0FC1}.Ad-Hoc|ARM.Build.0 = Debug|Any CPU
		{268A9A34-608B-4AE6-A73C-26AD8B0A0FC1}.Ad-Hoc|ARM64.ActiveCfg = Debug|Any CPU
		{268A9A34-608B-4AE6-A73C-26AD8B0A0FC1}.Ad-Hoc|ARM64.Build.0 = Debug|Any CPU
		{268A9A34-608B-4AE6-A73C-26AD8B0A0FC1}.Ad-Hoc|iPhone.ActiveCfg = Debug|Any CPU
		{268A9A34-608B-4AE6-A73C-26AD8B0A0FC1}.Ad-Hoc|iPhone.Build.0 = Debug|Any CPU
		{268A9A34-608B-4AE6-A73C-26AD8B0A0FC1}.Ad-Hoc|iPhoneSimulator.ActiveCfg = Debug|Any CPU
		{268A9A34-608B-4AE6-A73C-26AD8B0A0FC1}.Ad-Hoc|iPhoneSimulator.Build.0 = Debug|Any CPU
		{268A9A34-608B-4AE6-A73C-26AD8B0A0FC1}.Ad-Hoc|x64.ActiveCfg = Debug|Any CPU
		{268A9A34-608B-4AE6-A73C-26AD8B0A0FC1}.Ad-Hoc|x64.Build.0 = Debug|Any CPU
		{268A9A34-608B-4AE6-A73C-26AD8B0A0FC1}.Ad-Hoc|x86.ActiveCfg = Debug|Any CPU
		{268A9A34-608B-4AE6-A73C-26AD8B0A0FC1}.Ad-Hoc|x86.Build.0 = Debug|Any CPU
		{268A9A34-608B-4AE6-A73C-26AD8B0A0FC1}.AppStore|Any CPU.ActiveCfg = Debug|Any CPU
		{268A9A34-608B-4AE6-A73C-26AD8B0A0FC1}.AppStore|Any CPU.Build.0 = Debug|Any CPU
		{268A9A34-608B-4AE6-A73C-26AD8B0A0FC1}.AppStore|ARM.ActiveCfg = Debug|Any CPU
		{268A9A34-608B-4AE6-A73C-26AD8B0A0FC1}.AppStore|ARM.Build.0 = Debug|Any CPU
		{268A9A34-608B-4AE6-A73C-26AD8B0A0FC1}.AppStore|ARM64.ActiveCfg = Debug|Any CPU
		{268A9A34-608B-4AE6-A73C-26AD8B0A0FC1}.AppStore|ARM64.Build.0 = Debug|Any CPU
		{268A9A34-608B-4AE6-A73C-26AD8B0A0FC1}.AppStore|iPhone.ActiveCfg = Debug|Any CPU
		{268A9A34-608B-4AE6-A73C-26AD8B0A0FC1}.AppStore|iPhone.Build.0 = Debug|Any CPU
		{268A9A34-608B-4AE6-A73C-26AD8B0A0FC1}.AppStore|iPhoneSimulator.ActiveCfg = Debug|Any CPU
		{268A9A34-608B-4AE6-A73C-26AD8B0A0FC1}.AppStore|iPhoneSimulator.Build.0 = Debug|Any CPU
		{268A9A34-608B-4AE6-A73C-26AD8B0A0FC1}.AppStore|x64.ActiveCfg = Debug|Any CPU
		{268A9A34-608B-4AE6-A73C-26AD8B0A0FC1}.AppStore|x64.Build.0 = Debug|Any CPU
		{268A9A34-608B-4AE6-A73C-26AD8B0A0FC1}.AppStore|x86.ActiveCfg = Debug|Any CPU
		{268A9A34-608B-4AE6-A73C-26AD8B0A0FC1}.AppStore|x86.Build.0 = Debug|Any CPU
		{268A9A34-608B-4AE6-A73C-26AD8B0A0FC1}.Debug|Any CPU.ActiveCfg = Debug|Any CPU
		{268A9A34-608B-4AE6-A73C-26AD8B0A0FC1}.Debug|Any CPU.Build.0 = Debug|Any CPU
		{268A9A34-608B-4AE6-A73C-26AD8B0A0FC1}.Debug|ARM.ActiveCfg = Debug|Any CPU
		{268A9A34-608B-4AE6-A73C-26AD8B0A0FC1}.Debug|ARM.Build.0 = Debug|Any CPU
		{268A9A34-608B-4AE6-A73C-26AD8B0A0FC1}.Debug|ARM64.ActiveCfg = Debug|Any CPU
		{268A9A34-608B-4AE6-A73C-26AD8B0A0FC1}.Debug|ARM64.Build.0 = Debug|Any CPU
		{268A9A34-608B-4AE6-A73C-26AD8B0A0FC1}.Debug|iPhone.ActiveCfg = Debug|Any CPU
		{268A9A34-608B-4AE6-A73C-26AD8B0A0FC1}.Debug|iPhone.Build.0 = Debug|Any CPU
		{268A9A34-608B-4AE6-A73C-26AD8B0A0FC1}.Debug|iPhoneSimulator.ActiveCfg = Debug|Any CPU
		{268A9A34-608B-4AE6-A73C-26AD8B0A0FC1}.Debug|iPhoneSimulator.Build.0 = Debug|Any CPU
		{268A9A34-608B-4AE6-A73C-26AD8B0A0FC1}.Debug|x64.ActiveCfg = Debug|Any CPU
		{268A9A34-608B-4AE6-A73C-26AD8B0A0FC1}.Debug|x64.Build.0 = Debug|Any CPU
		{268A9A34-608B-4AE6-A73C-26AD8B0A0FC1}.Debug|x86.ActiveCfg = Debug|Any CPU
		{268A9A34-608B-4AE6-A73C-26AD8B0A0FC1}.Debug|x86.Build.0 = Debug|Any CPU
		{268A9A34-608B-4AE6-A73C-26AD8B0A0FC1}.Release|Any CPU.ActiveCfg = Release|Any CPU
		{268A9A34-608B-4AE6-A73C-26AD8B0A0FC1}.Release|Any CPU.Build.0 = Release|Any CPU
		{268A9A34-608B-4AE6-A73C-26AD8B0A0FC1}.Release|ARM.ActiveCfg = Release|Any CPU
		{268A9A34-608B-4AE6-A73C-26AD8B0A0FC1}.Release|ARM.Build.0 = Release|Any CPU
		{268A9A34-608B-4AE6-A73C-26AD8B0A0FC1}.Release|ARM64.ActiveCfg = Release|Any CPU
		{268A9A34-608B-4AE6-A73C-26AD8B0A0FC1}.Release|ARM64.Build.0 = Release|Any CPU
		{268A9A34-608B-4AE6-A73C-26AD8B0A0FC1}.Release|iPhone.ActiveCfg = Release|Any CPU
		{268A9A34-608B-4AE6-A73C-26AD8B0A0FC1}.Release|iPhone.Build.0 = Release|Any CPU
		{268A9A34-608B-4AE6-A73C-26AD8B0A0FC1}.Release|iPhoneSimulator.ActiveCfg = Release|Any CPU
		{268A9A34-608B-4AE6-A73C-26AD8B0A0FC1}.Release|iPhoneSimulator.Build.0 = Release|Any CPU
		{268A9A34-608B-4AE6-A73C-26AD8B0A0FC1}.Release|x64.ActiveCfg = Release|Any CPU
		{268A9A34-608B-4AE6-A73C-26AD8B0A0FC1}.Release|x64.Build.0 = Release|Any CPU
		{268A9A34-608B-4AE6-A73C-26AD8B0A0FC1}.Release|x86.ActiveCfg = Release|Any CPU
		{268A9A34-608B-4AE6-A73C-26AD8B0A0FC1}.Release|x86.Build.0 = Release|Any CPU
		{4B86CE1A-5F35-4C7E-BE7E-2E80BFFB372E}.Ad-Hoc|Any CPU.ActiveCfg = Debug|Any CPU
		{4B86CE1A-5F35-4C7E-BE7E-2E80BFFB372E}.Ad-Hoc|Any CPU.Build.0 = Debug|Any CPU
		{4B86CE1A-5F35-4C7E-BE7E-2E80BFFB372E}.Ad-Hoc|ARM.ActiveCfg = Debug|Any CPU
		{4B86CE1A-5F35-4C7E-BE7E-2E80BFFB372E}.Ad-Hoc|ARM.Build.0 = Debug|Any CPU
		{4B86CE1A-5F35-4C7E-BE7E-2E80BFFB372E}.Ad-Hoc|ARM64.ActiveCfg = Debug|Any CPU
		{4B86CE1A-5F35-4C7E-BE7E-2E80BFFB372E}.Ad-Hoc|ARM64.Build.0 = Debug|Any CPU
		{4B86CE1A-5F35-4C7E-BE7E-2E80BFFB372E}.Ad-Hoc|iPhone.ActiveCfg = Debug|Any CPU
		{4B86CE1A-5F35-4C7E-BE7E-2E80BFFB372E}.Ad-Hoc|iPhone.Build.0 = Debug|Any CPU
		{4B86CE1A-5F35-4C7E-BE7E-2E80BFFB372E}.Ad-Hoc|iPhoneSimulator.ActiveCfg = Debug|Any CPU
		{4B86CE1A-5F35-4C7E-BE7E-2E80BFFB372E}.Ad-Hoc|iPhoneSimulator.Build.0 = Debug|Any CPU
		{4B86CE1A-5F35-4C7E-BE7E-2E80BFFB372E}.Ad-Hoc|x64.ActiveCfg = Debug|Any CPU
		{4B86CE1A-5F35-4C7E-BE7E-2E80BFFB372E}.Ad-Hoc|x64.Build.0 = Debug|Any CPU
		{4B86CE1A-5F35-4C7E-BE7E-2E80BFFB372E}.Ad-Hoc|x86.ActiveCfg = Debug|Any CPU
		{4B86CE1A-5F35-4C7E-BE7E-2E80BFFB372E}.Ad-Hoc|x86.Build.0 = Debug|Any CPU
		{4B86CE1A-5F35-4C7E-BE7E-2E80BFFB372E}.AppStore|Any CPU.ActiveCfg = Debug|Any CPU
		{4B86CE1A-5F35-4C7E-BE7E-2E80BFFB372E}.AppStore|Any CPU.Build.0 = Debug|Any CPU
		{4B86CE1A-5F35-4C7E-BE7E-2E80BFFB372E}.AppStore|ARM.ActiveCfg = Debug|Any CPU
		{4B86CE1A-5F35-4C7E-BE7E-2E80BFFB372E}.AppStore|ARM.Build.0 = Debug|Any CPU
		{4B86CE1A-5F35-4C7E-BE7E-2E80BFFB372E}.AppStore|ARM64.ActiveCfg = Debug|Any CPU
		{4B86CE1A-5F35-4C7E-BE7E-2E80BFFB372E}.AppStore|ARM64.Build.0 = Debug|Any CPU
		{4B86CE1A-5F35-4C7E-BE7E-2E80BFFB372E}.AppStore|iPhone.ActiveCfg = Debug|Any CPU
		{4B86CE1A-5F35-4C7E-BE7E-2E80BFFB372E}.AppStore|iPhone.Build.0 = Debug|Any CPU
		{4B86CE1A-5F35-4C7E-BE7E-2E80BFFB372E}.AppStore|iPhoneSimulator.ActiveCfg = Debug|Any CPU
		{4B86CE1A-5F35-4C7E-BE7E-2E80BFFB372E}.AppStore|iPhoneSimulator.Build.0 = Debug|Any CPU
		{4B86CE1A-5F35-4C7E-BE7E-2E80BFFB372E}.AppStore|x64.ActiveCfg = Debug|Any CPU
		{4B86CE1A-5F35-4C7E-BE7E-2E80BFFB372E}.AppStore|x64.Build.0 = Debug|Any CPU
		{4B86CE1A-5F35-4C7E-BE7E-2E80BFFB372E}.AppStore|x86.ActiveCfg = Debug|Any CPU
		{4B86CE1A-5F35-4C7E-BE7E-2E80BFFB372E}.AppStore|x86.Build.0 = Debug|Any CPU
		{4B86CE1A-5F35-4C7E-BE7E-2E80BFFB372E}.Debug|Any CPU.ActiveCfg = Debug|Any CPU
		{4B86CE1A-5F35-4C7E-BE7E-2E80BFFB372E}.Debug|Any CPU.Build.0 = Debug|Any CPU
		{4B86CE1A-5F35-4C7E-BE7E-2E80BFFB372E}.Debug|ARM.ActiveCfg = Debug|Any CPU
		{4B86CE1A-5F35-4C7E-BE7E-2E80BFFB372E}.Debug|ARM.Build.0 = Debug|Any CPU
		{4B86CE1A-5F35-4C7E-BE7E-2E80BFFB372E}.Debug|ARM64.ActiveCfg = Debug|Any CPU
		{4B86CE1A-5F35-4C7E-BE7E-2E80BFFB372E}.Debug|ARM64.Build.0 = Debug|Any CPU
		{4B86CE1A-5F35-4C7E-BE7E-2E80BFFB372E}.Debug|iPhone.ActiveCfg = Debug|Any CPU
		{4B86CE1A-5F35-4C7E-BE7E-2E80BFFB372E}.Debug|iPhone.Build.0 = Debug|Any CPU
		{4B86CE1A-5F35-4C7E-BE7E-2E80BFFB372E}.Debug|iPhoneSimulator.ActiveCfg = Debug|Any CPU
		{4B86CE1A-5F35-4C7E-BE7E-2E80BFFB372E}.Debug|iPhoneSimulator.Build.0 = Debug|Any CPU
		{4B86CE1A-5F35-4C7E-BE7E-2E80BFFB372E}.Debug|x64.ActiveCfg = Debug|Any CPU
		{4B86CE1A-5F35-4C7E-BE7E-2E80BFFB372E}.Debug|x64.Build.0 = Debug|Any CPU
		{4B86CE1A-5F35-4C7E-BE7E-2E80BFFB372E}.Debug|x86.ActiveCfg = Debug|Any CPU
		{4B86CE1A-5F35-4C7E-BE7E-2E80BFFB372E}.Debug|x86.Build.0 = Debug|Any CPU
		{4B86CE1A-5F35-4C7E-BE7E-2E80BFFB372E}.Release|Any CPU.ActiveCfg = Release|Any CPU
		{4B86CE1A-5F35-4C7E-BE7E-2E80BFFB372E}.Release|Any CPU.Build.0 = Release|Any CPU
		{4B86CE1A-5F35-4C7E-BE7E-2E80BFFB372E}.Release|ARM.ActiveCfg = Release|Any CPU
		{4B86CE1A-5F35-4C7E-BE7E-2E80BFFB372E}.Release|ARM.Build.0 = Release|Any CPU
		{4B86CE1A-5F35-4C7E-BE7E-2E80BFFB372E}.Release|ARM64.ActiveCfg = Release|Any CPU
		{4B86CE1A-5F35-4C7E-BE7E-2E80BFFB372E}.Release|ARM64.Build.0 = Release|Any CPU
		{4B86CE1A-5F35-4C7E-BE7E-2E80BFFB372E}.Release|iPhone.ActiveCfg = Release|Any CPU
		{4B86CE1A-5F35-4C7E-BE7E-2E80BFFB372E}.Release|iPhone.Build.0 = Release|Any CPU
		{4B86CE1A-5F35-4C7E-BE7E-2E80BFFB372E}.Release|iPhoneSimulator.ActiveCfg = Release|Any CPU
		{4B86CE1A-5F35-4C7E-BE7E-2E80BFFB372E}.Release|iPhoneSimulator.Build.0 = Release|Any CPU
		{4B86CE1A-5F35-4C7E-BE7E-2E80BFFB372E}.Release|x64.ActiveCfg = Release|Any CPU
		{4B86CE1A-5F35-4C7E-BE7E-2E80BFFB372E}.Release|x64.Build.0 = Release|Any CPU
		{4B86CE1A-5F35-4C7E-BE7E-2E80BFFB372E}.Release|x86.ActiveCfg = Release|Any CPU
		{4B86CE1A-5F35-4C7E-BE7E-2E80BFFB372E}.Release|x86.Build.0 = Release|Any CPU
	EndGlobalSection
	GlobalSection(SolutionProperties) = preSolution
		HideSolutionNode = FALSE
	EndGlobalSection
	GlobalSection(NestedProjects) = preSolution
		{DE3227FA-3765-40AD-B139-2ACF01E74929} = {9D7D5B40-2CA6-4FB6-A2E4-1EEB58CFDE11}
		{148D2AA4-0906-4708-9AC2-9B6AB8CC5526} = {9D7D5B40-2CA6-4FB6-A2E4-1EEB58CFDE11}
		{808DCF90-96BD-4780-8331-502CD23101E4} = {9D7D5B40-2CA6-4FB6-A2E4-1EEB58CFDE11}
		{FC5D4772-F935-44FE-9ED7-FA2ED88F85D8} = {9D7D5B40-2CA6-4FB6-A2E4-1EEB58CFDE11}
		{90460528-E24D-4F33-9A1D-83413E206F3F} = {9D7D5B40-2CA6-4FB6-A2E4-1EEB58CFDE11}
		{409A7EB3-BE9A-4267-8623-DF9B8D419967} = {9D7D5B40-2CA6-4FB6-A2E4-1EEB58CFDE11}
		{E0F0585A-A913-4636-9EC0-9964E43575E5} = {9D7D5B40-2CA6-4FB6-A2E4-1EEB58CFDE11}
		{2F2B5862-3A70-4B64-ACC5-438D470F7DD3} = {9D7D5B40-2CA6-4FB6-A2E4-1EEB58CFDE11}
		{268A9A34-608B-4AE6-A73C-26AD8B0A0FC1} = {9D7D5B40-2CA6-4FB6-A2E4-1EEB58CFDE11}
	EndGlobalSection
	GlobalSection(ExtensibilityGlobals) = postSolution
		SolutionGuid = {29C8C8F1-E351-43DB-B0F8-AC79ADBE5916}
	EndGlobalSection
EndGlobal
